
Microsoft Visual Studio Solution File, Format Version 12.00
# Visual Studio Version 17
VisualStudioVersion = 17.3.32901.215
MinimumVisualStudioVersion = 10.0.40219.1
Project("{FAE04EC0-301F-11D3-BF4B-00C04F79EFBC}") = "ConsoleApp56", "ConsoleApp56.csproj", "{3BB3A352-6262-43BA-869E-6DB485578DCF}"
EndProject
Global
	GlobalSection(SolutionConfigurationPlatforms) = preSolution
		Debug|Any CPU = Debug|Any CPU
		Release|Any CPU = Release|Any CPU
	EndGlobalSection
	GlobalSection(ProjectConfigurationPlatforms) = postSolution
		{3BB3A352-6262-43BA-869E-6DB485578DCF}.Debug|Any CPU.ActiveCfg = Debug|Any CPU
		{3BB3A352-6262-43BA-869E-6DB485578DCF}.Debug|Any CPU.Build.0 = Debug|Any CPU
		{3BB3A352-6262-43BA-869E-6DB485578DCF}.Release|Any CPU.ActiveCfg = Release|Any CPU
		{3BB3A352-6262-43BA-869E-6DB485578DCF}.Release|Any CPU.Build.0 = Release|Any CPU
	EndGlobalSection
	GlobalSection(SolutionProperties) = preSolution
		HideSolutionNode = FALSE
	EndGlobalSection
	GlobalSection(ExtensibilityGlobals) = postSolution
		SolutionGuid = {3DF25DBF-A008-483F-A9C9-AA9B80E9BB61}
	EndGlobalSection
EndGlobal
